<Solution>
  <Project Path="GardenPlot.AppHost/GardenPlot.AppHost.csproj" />
  <Project Path="GardenPlot.DataFetcher/GardenPlot.DataFetcher.csproj" />
  <Project Path="GardenPlot.ServiceDefaults/GardenPlot.ServiceDefaults.csproj" />
  <Project Path="GardenPlotWeb/GardenPlotWeb.csproj" />
  <Project Path="GardenPlot.Tests/GardenPlot.Tests.csproj" />
</Solution>
